
Microsoft Visual Studio Solution File, Format Version 12.00
# Visual Studio Version 16
VisualStudioVersion = 16.0.34601.136
MinimumVisualStudioVersion = 10.0.40219.1
Project("{FAE04EC0-301F-11D3-BF4B-00C04F79EFBC}") = "VP_Project", "VP_Project.csproj", "{88D7FEE4-5A13-4FCC-B417-D151ECD47C00}"
EndProject
Global
	GlobalSection(SolutionConfigurationPlatforms) = preSolution
		Debug|Any CPU = Debug|Any CPU
		Release|Any CPU = Release|Any CPU
	EndGlobalSection
	GlobalSection(ProjectConfigurationPlatforms) = postSolution
		{88D7FEE4-5A13-4FCC-B417-D151ECD47C00}.Debug|Any CPU.ActiveCfg = Debug|Any CPU
		{88D7FEE4-5A13-4FCC-B417-D151ECD47C00}.Debug|Any CPU.Build.0 = Debug|Any CPU
		{88D7FEE4-5A13-4FCC-B417-D151ECD47C00}.Release|Any CPU.ActiveCfg = Release|Any CPU
		{88D7FEE4-5A13-4FCC-B417-D151ECD47C00}.Release|Any CPU.Build.0 = Release|Any CPU
	EndGlobalSection
	GlobalSection(SolutionProperties) = preSolution
		HideSolutionNode = FALSE
	EndGlobalSection
	GlobalSection(ExtensibilityGlobals) = postSolution
		SolutionGuid = {7F163272-4F4D-49E5-AB8A-E4FE8D885779}
	EndGlobalSection
EndGlobal
